
Microsoft Visual Studio Solution File, Format Version 12.00
# Visual Studio Version 17
VisualStudioVersion = 17.14.36811.4 d17.14
MinimumVisualStudioVersion = 10.0.40219.1
Project("{FAE04EC0-301F-11D3-BF4B-00C04F79EFBC}") = "CoffeSolution", "CoffeSolution\CoffeSolution.csproj", "{14BC057A-CB8C-4789-B121-394A4280EC45}"
EndProject
Global
	GlobalSection(SolutionConfigurationPlatforms) = preSolution
		Debug|Any CPU = Debug|Any CPU
		Release|Any CPU = Release|Any CPU
	EndGlobalSection
	GlobalSection(ProjectConfigurationPlatforms) = postSolution
		{14BC057A-CB8C-4789-B121-394A4280EC45}.Debug|Any CPU.ActiveCfg = Debug|Any CPU
		{14BC057A-CB8C-4789-B121-394A4280EC45}.Debug|Any CPU.Build.0 = Debug|Any CPU
		{14BC057A-CB8C-4789-B121-394A4280EC45}.Release|Any CPU.ActiveCfg = Release|Any CPU
		{14BC057A-CB8C-4789-B121-394A4280EC45}.Release|Any CPU.Build.0 = Release|Any CPU
	EndGlobalSection
	GlobalSection(SolutionProperties) = preSolution
		HideSolutionNode = FALSE
	EndGlobalSection
	GlobalSection(ExtensibilityGlobals) = postSolution
		SolutionGuid = {0D915D36-6195-46D7-879C-FAC197A5A2C8}
	EndGlobalSection
EndGlobal
